lockVersion: 2.0.0
id: 4b568d46-bde2-479b-a164-1fd358a73508
management:
  docChecksum: 8576067db60375eb36cd1694d1b9e41a
  docVersion: 1.2.0
  speakeasyVersion: internal
  generationVersion: 2.228.3
  releaseVersion: 0.4.0
  configChecksum: be247993b4c62ae920aa62e76d4eb79b
  repoURL: https://github.com/speakeasy-sdks/testcompany-sample-sdk.git
  repoSubDirectory: .
  published: true
features:
  java:
    core: 3.2.2
    flattening: 2.81.1
    globalSecurity: 2.81.2
    globalServerURLs: 2.82.1
    inputOutputModels: 2.83.0
generatedFiles:
  - lib/src/main/java/de/testcompany/Event_Notification/SDKConfiguration.java
  - lib/src/main/java/de/testcompany/Event_Notification/EventTypes.java
  - lib/src/main/java/de/testcompany/Event_Notification/Info.java
  - lib/src/main/java/de/testcompany/Event_Notification/Events.java
  - lib/src/main/java/de/testcompany/Event_Notification/Internal.java
  - lib/src/main/java/de/testcompany/Event_Notification/Subscriptions.java
  - lib/src/main/java/de/testcompany/Event_Notification/EventNotification.java
  - .gitattributes
  - gradle/wrapper/gradle-wrapper.jar
  - gradle/wrapper/gradle-wrapper.properties
  - gradlew
  - gradlew.bat
  - lib/build.gradle
  - lib/src/main/java/de/testcompany/Event_Notification/utils/DateTimeDeserializer.java
  - lib/src/main/java/de/testcompany/Event_Notification/utils/DateTimeSerializer.java
  - lib/src/main/java/de/testcompany/Event_Notification/utils/FormMetadata.java
  - lib/src/main/java/de/testcompany/Event_Notification/utils/HTTPClient.java
  - lib/src/main/java/de/testcompany/Event_Notification/utils/HTTPRequest.java
  - lib/src/main/java/de/testcompany/Event_Notification/utils/HeaderMetadata.java
  - lib/src/main/java/de/testcompany/Event_Notification/utils/JSON.java
  - lib/src/main/java/de/testcompany/Event_Notification/utils/Metadata.java
  - lib/src/main/java/de/testcompany/Event_Notification/utils/MultipartFormMetadata.java
  - lib/src/main/java/de/testcompany/Event_Notification/utils/PathParamsMetadata.java
  - lib/src/main/java/de/testcompany/Event_Notification/utils/QueryParameters.java
  - lib/src/main/java/de/testcompany/Event_Notification/utils/QueryParamsMetadata.java
  - lib/src/main/java/de/testcompany/Event_Notification/utils/RequestBody.java
  - lib/src/main/java/de/testcompany/Event_Notification/utils/RequestMetadata.java
  - lib/src/main/java/de/testcompany/Event_Notification/utils/Security.java
  - lib/src/main/java/de/testcompany/Event_Notification/utils/SecurityMetadata.java
  - lib/src/main/java/de/testcompany/Event_Notification/utils/SerializedBody.java
  - lib/src/main/java/de/testcompany/Event_Notification/utils/SpeakeasyHTTPClient.java
  - lib/src/main/java/de/testcompany/Event_Notification/utils/SpeakeasyHTTPSecurityClient.java
  - lib/src/main/java/de/testcompany/Event_Notification/utils/SpeakeasyMetadata.java
  - lib/src/main/java/de/testcompany/Event_Notification/utils/Types.java
  - lib/src/main/java/de/testcompany/Event_Notification/utils/Utils.java
  - settings.gradle
  - lib/src/main/java/de/testcompany/Event_Notification/models/operations/GetCategoriesRequest.java
  - lib/src/main/java/de/testcompany/Event_Notification/models/operations/GetCategoriesResponse.java
  - lib/src/main/java/de/testcompany/Event_Notification/models/operations/GetCategoryRequest.java
  - lib/src/main/java/de/testcompany/Event_Notification/models/operations/GetCategoryResponse.java
  - lib/src/main/java/de/testcompany/Event_Notification/models/operations/GetNameRequest.java
  - lib/src/main/java/de/testcompany/Event_Notification/models/operations/GetNameResponse.java
  - lib/src/main/java/de/testcompany/Event_Notification/models/operations/GetNamesRequest.java
  - lib/src/main/java/de/testcompany/Event_Notification/models/operations/GetNamesResponse.java
  - lib/src/main/java/de/testcompany/Event_Notification/models/operations/GetServiceInfoResponse.java
  - lib/src/main/java/de/testcompany/Event_Notification/models/operations/GetEventsRequest.java
  - lib/src/main/java/de/testcompany/Event_Notification/models/operations/GetEventsResponse.java
  - lib/src/main/java/de/testcompany/Event_Notification/models/operations/PostPingResponse.java
  - lib/src/main/java/de/testcompany/Event_Notification/models/operations/UpdateEventsRequest.java
  - lib/src/main/java/de/testcompany/Event_Notification/models/operations/UpdateEventsResponse.java
  - lib/src/main/java/de/testcompany/Event_Notification/models/operations/DeleteSubscriptionRequest.java
  - lib/src/main/java/de/testcompany/Event_Notification/models/operations/DeleteSubscriptionResponse.java
  - lib/src/main/java/de/testcompany/Event_Notification/models/operations/GetSubscriptionRequest.java
  - lib/src/main/java/de/testcompany/Event_Notification/models/operations/GetSubscriptionResponse.java
  - lib/src/main/java/de/testcompany/Event_Notification/models/operations/GetSubscriptionsRequest.java
  - lib/src/main/java/de/testcompany/Event_Notification/models/operations/GetSubscriptionsResponse.java
  - lib/src/main/java/de/testcompany/Event_Notification/models/operations/PostSubscriptionResponse.java
  - lib/src/main/java/de/testcompany/Event_Notification/models/operations/UpdateSubscriptionRequest.java
  - lib/src/main/java/de/testcompany/Event_Notification/models/operations/UpdateSubscriptionResponse.java
  - lib/src/main/java/de/testcompany/Event_Notification/models/shared/Rfc7807Problem.java
  - lib/src/main/java/de/testcompany/Event_Notification/models/shared/Violation.java
  - lib/src/main/java/de/testcompany/Event_Notification/models/shared/OAuthProblem.java
  - lib/src/main/java/de/testcompany/Event_Notification/models/shared/EventCategoryDescriptions.java
  - lib/src/main/java/de/testcompany/Event_Notification/models/shared/EventCategoryDescription.java
  - lib/src/main/java/de/testcompany/Event_Notification/models/shared/EventNameDescription.java
  - lib/src/main/java/de/testcompany/Event_Notification/models/shared/EventNameDescriptions.java
  - lib/src/main/java/de/testcompany/Event_Notification/models/shared/ServiceInfo.java
  - lib/src/main/java/de/testcompany/Event_Notification/models/shared/Events.java
  - lib/src/main/java/de/testcompany/Event_Notification/models/shared/PageableResultInfo.java
  - lib/src/main/java/de/testcompany/Event_Notification/models/shared/Cursor.java
  - lib/src/main/java/de/testcompany/Event_Notification/models/shared/Event.java
  - lib/src/main/java/de/testcompany/Event_Notification/models/shared/EventTypeSingle.java
  - lib/src/main/java/de/testcompany/Event_Notification/models/shared/Ping.java
  - lib/src/main/java/de/testcompany/Event_Notification/models/shared/EventsWithoutPaging.java
  - lib/src/main/java/de/testcompany/Event_Notification/models/shared/Path.java
  - lib/src/main/java/de/testcompany/Event_Notification/models/shared/PatchOperationEvent.java
  - lib/src/main/java/de/testcompany/Event_Notification/models/shared/PatchOperation.java
  - lib/src/main/java/de/testcompany/Event_Notification/models/shared/Subscription.java
  - lib/src/main/java/de/testcompany/Event_Notification/models/shared/EventType.java
  - lib/src/main/java/de/testcompany/Event_Notification/models/shared/EndPointType.java
  - lib/src/main/java/de/testcompany/Event_Notification/models/shared/EndPoint.java
  - lib/src/main/java/de/testcompany/Event_Notification/models/shared/Subscriptions.java
  - lib/src/main/java/de/testcompany/Event_Notification/models/shared/SubscriptionId.java
  - lib/src/main/java/de/testcompany/Event_Notification/models/shared/SubscriptionInput.java
  - lib/src/main/java/de/testcompany/Event_Notification/models/shared/CallbackEvents.java
  - lib/src/main/java/de/testcompany/Event_Notification/models/shared/EventInput.java
  - lib/src/main/java/de/testcompany/Event_Notification/models/shared/Callback.java
  - lib/src/main/java/de/testcompany/Event_Notification/models/shared/PatchOperationSubscriptionPath.java
  - lib/src/main/java/de/testcompany/Event_Notification/models/shared/PatchOperationSubscription.java
  - lib/src/main/java/de/testcompany/Event_Notification/models/shared/Security.java
  - lib/src/main/java/de/testcompany/Event_Notification/models/callbacks/PostSubscriptionPostNewEventResponse.java
  - docs/models/operations/GetCategoriesRequest.md
  - docs/models/operations/GetCategoriesResponse.md
  - docs/models/operations/GetCategoryRequest.md
  - docs/models/operations/GetCategoryResponse.md
  - docs/models/operations/GetNameRequest.md
  - docs/models/operations/GetNameResponse.md
  - docs/models/operations/GetNamesRequest.md
  - docs/models/operations/GetNamesResponse.md
  - docs/models/operations/GetServiceInfoResponse.md
  - docs/models/operations/GetEventsRequest.md
  - docs/models/operations/GetEventsResponse.md
  - docs/models/operations/PostPingResponse.md
  - docs/models/operations/UpdateEventsRequest.md
  - docs/models/operations/UpdateEventsResponse.md
  - docs/models/operations/DeleteSubscriptionRequest.md
  - docs/models/operations/DeleteSubscriptionResponse.md
  - docs/models/operations/GetSubscriptionRequest.md
  - docs/models/operations/GetSubscriptionResponse.md
  - docs/models/operations/GetSubscriptionsRequest.md
  - docs/models/operations/GetSubscriptionsResponse.md
  - docs/models/operations/PostSubscriptionResponse.md
  - docs/models/operations/UpdateSubscriptionRequest.md
  - docs/models/operations/UpdateSubscriptionResponse.md
  - docs/models/shared/Rfc7807Problem.md
  - docs/models/shared/Violation.md
  - docs/models/shared/OAuthProblem.md
  - docs/models/shared/EventCategoryDescriptions.md
  - docs/models/shared/EventCategoryDescription.md
  - docs/models/shared/EventNameDescription.md
  - docs/models/shared/EventNameDescriptions.md
  - docs/models/shared/ServiceInfo.md
  - docs/models/shared/Events.md
  - docs/models/shared/PageableResultInfo.md
  - docs/models/shared/Cursor.md
  - docs/models/shared/Event.md
  - docs/models/shared/EventTypeSingle.md
  - docs/models/shared/Ping.md
  - docs/models/shared/EventsWithoutPaging.md
  - docs/models/shared/Path.md
  - docs/models/shared/PatchOperationEvent.md
  - docs/models/shared/PatchOperation.md
  - docs/models/shared/Subscription.md
  - docs/models/shared/EventType.md
  - docs/models/shared/EndPointType.md
  - docs/models/shared/EndPoint.md
  - docs/models/shared/Subscriptions.md
  - docs/models/shared/SubscriptionId.md
  - docs/models/shared/SubscriptionInput.md
  - docs/models/shared/CallbackEvents.md
  - docs/models/shared/EventInput.md
  - docs/models/shared/Callback.md
  - docs/models/shared/PatchOperationSubscriptionPath.md
  - docs/models/shared/PatchOperationSubscription.md
  - docs/models/shared/Security.md
  - docs/models/callbacks/PostSubscriptionPostNewEventResponse.md
  - docs/sdks/eventnotification/README.md
  - docs/sdks/eventtypes/README.md
  - docs/sdks/info/README.md
  - docs/sdks/events/README.md
  - docs/sdks/internal/README.md
  - docs/sdks/subscriptions/README.md
  - USAGE.md
